<?xml version="1.0" encoding="utf-8"?>
<Project ToolsVersion="4.0" xmlns="http://schemas.microsoft.com/developer/msbuild/2003">
  <ItemGroup>
    <Filter Include="Source Files">
      <UniqueIdentifier>{4FC737F1-C7A5-4376-A066-2A32D752A2FF}</UniqueIdentifier>
      <Extensions>cpp;c;cc;cxx;def;odl;idl;hpj;bat;asm;asmx</Extensions>
    </Filter>
    <Filter Include="Header Files">
      <UniqueIdentifier>{93995380-89BD-4b04-88EB-625FBE52EBFB}</UniqueIdentifier>
      <Extensions>h;hh;hpp;hxx;hm;inl;inc;xsd</Extensions>
    </Filter>
    <Filter Include="Resource Files">
      <UniqueIdentifier>{67DA6AB6-F800-4c08-8B7A-83BB121AAD01}</UniqueIdentifier>
      <Extensions>rc;ico;cur;bmp;dlg;rc2;rct;bin;rgs;gif;jpg;jpeg;jpe;resx;tiff;tif;png;wav;mfcribbon-ms</Extensions>
    </Filter>
  </ItemGroup>
  <ItemGroup>
    <ClCompile Include="entities\Configuration.cpp">
      <Filter>Source Files</Filter>
    </ClCompile>
    <ClCompile Include="entities\Coordinate.cpp">
      <Filter>Source Files</Filter>
    </ClCompile>
    <ClCompile Include="entities\Dimensions.cpp">
      <Filter>Source Files</Filter>
    </ClCompile>
    <ClCompile Include="entities\Entity.cpp">
      <Filter>Source Files</Filter>
    </ClCompile>
    <ClCompile Include="entities\Layer.cpp">
      <Filter>Source Files</Filter>
    </ClCompile>
    <ClCompile Include="entities\Scenario.cpp">
      <Filter>Source Files</Filter>
    </ClCompile>
    <ClCompile Include="entities\Window.cpp">
      <Filter>Source Files</Filter>
    </ClCompile>
    <ClCompile Include="main.cpp">
      <Filter>Source Files</Filter>
    </ClCompile>
    <ClCompile Include="Renderer.cpp">
      <Filter>Source Files</Filter>
    </ClCompile>
    <ClCompile Include="Timer.cpp">
      <Filter>Source Files</Filter>
    </ClCompile>
    <ClCompile Include="SDLWindow.cpp">
      <Filter>Source Files</Filter>
    </ClCompile>
    <ClCompile Include="entities\Circle.cpp">
      <Filter>Source Files</Filter>
    </ClCompile>
    <ClCompile Include="entities\Rectangle.cpp">
      <Filter>Source Files</Filter>
    </ClCompile>
    <ClCompile Include="entities\Square.cpp">
      <Filter>Source Files</Filter>
    </ClCompile>
    <ClCompile Include="Player.cpp">
      <Filter>Source Files</Filter>
    </ClCompile>
    <ClCompile Include="Texture.cpp">
      <Filter>Source Files</Filter>
    </ClCompile>
    <ClCompile Include="entities\common\Drawable.cpp">
      <Filter>Source Files</Filter>
    </ClCompile>
    <ClCompile Include="entities\common\EntityResolver.cpp">
      <Filter>Source Files</Filter>
    </ClCompile>
    <ClCompile Include="StreamingTexture.cpp">
      <Filter>Source Files</Filter>
    </ClCompile>
    <ClCompile Include="utils\img_crop\CircleImageCropper.cpp">
      <Filter>Source Files</Filter>
    </ClCompile>
    <ClCompile Include="Menu.cpp">
      <Filter>Source Files</Filter>
    </ClCompile>
    <ClCompile Include="Vector2.cpp">
      <Filter>Source Files</Filter>
    </ClCompile>
  </ItemGroup>
  <ItemGroup>
    <ClInclude Include="entities\Configuration.h">
      <Filter>Header Files</Filter>
    </ClInclude>
    <ClInclude Include="entities\Coordinate.h">
      <Filter>Header Files</Filter>
    </ClInclude>
    <ClInclude Include="entities\Dimensions.h">
      <Filter>Header Files</Filter>
    </ClInclude>
    <ClInclude Include="entities\Entity.h">
      <Filter>Header Files</Filter>
    </ClInclude>
    <ClInclude Include="entities\Layer.h">
      <Filter>Header Files</Filter>
    </ClInclude>
    <ClInclude Include="entities\Scenario.h">
      <Filter>Header Files</Filter>
    </ClInclude>
    <ClInclude Include="entities\Window.h">
      <Filter>Header Files</Filter>
    </ClInclude>
    <ClInclude Include="Renderer.h">
      <Filter>Header Files</Filter>
    </ClInclude>
    <ClInclude Include="resource.h">
      <Filter>Header Files</Filter>
    </ClInclude>
    <ClInclude Include="SDLWindow.h">
      <Filter>Header Files</Filter>
    </ClInclude>
    <ClInclude Include="entities\Circle.h">
      <Filter>Header Files</Filter>
    </ClInclude>
    <ClInclude Include="entities\Rectangle.h">
      <Filter>Header Files</Filter>
    </ClInclude>
    <ClInclude Include="entities\Square.h">
      <Filter>Header Files</Filter>
    </ClInclude>
    <ClInclude Include="Player.h">
      <Filter>Header Files</Filter>
    </ClInclude>
    <ClInclude Include="Texture.h">
      <Filter>Header Files</Filter>
    </ClInclude>
    <ClInclude Include="Timer.h">
      <Filter>Header Files</Filter>
    </ClInclude>
    <ClInclude Include="entities\common\Drawable.h">
      <Filter>Header Files</Filter>
    </ClInclude>
    <ClInclude Include="entities\common\EntityResolver.h">
      <Filter>Header Files</Filter>
    </ClInclude>
    <ClInclude Include="StreamingTexture.h">
      <Filter>Header Files</Filter>
    </ClInclude>
    <ClInclude Include="utils\img_crop\CircleImageCropper.h">
      <Filter>Header Files</Filter>
    </ClInclude>
    <ClInclude Include="Menu.h">
      <Filter>Header Files</Filter>
    </ClInclude>
    <ClInclude Include="Vector2.h">
      <Filter>Header Files</Filter>
    </ClInclude>
  </ItemGroup>
  <ItemGroup>
    <Image Include="img\level.png">
      <Filter>Resource Files</Filter>
    </Image>
    <Image Include="img\sprite.png">
      <Filter>Resource Files</Filter>
    </Image>
    <Image Include="img\image-not-found.png">
      <Filter>Resource Files</Filter>
    </Image>
    <Image Include="img\layer-not-found.png">
      <Filter>Resource Files</Filter>
    </Image>
    <Image Include="img\level2.jpg">
      <Filter>Resource Files</Filter>
    </Image>
    <Image Include="img\rain.png">
      <Filter>Resource Files</Filter>
    </Image>
    <Image Include="img\rain_orig.png">
      <Filter>Resource Files</Filter>
    </Image>
    <Image Include="img\sonic.png">
      <Filter>Resource Files</Filter>
    </Image>
    <Image Include="img\sonic_orig.png">
      <Filter>Resource Files</Filter>
    </Image>
  </ItemGroup>
  <ItemGroup>
    <None Include="config\params.json" />
    <None Include="packages.config" />
  </ItemGroup>
  <ItemGroup>
    <ResourceCompile Include="Sonic.rc">
      <Filter>Resource Files</Filter>
    </ResourceCompile>
  </ItemGroup>
</Project>